Microsoft Visual Studio Solution File, Format Version 12.00
# Visual Studio Version 17
VisualStudioVersion = 17.5.2.0
MinimumVisualStudioVersion = 10.0.40219.1
Project("{FAE04EC0-301F-11D3-BF4B-00C04F79EFBC}") = "ThucHanh_4_5_6_CF", "ThucHanh_4_5_6_CF.csproj", "{39372D76-5BE8-3E32-8CAA-C25E4B82F288}"
EndProject
Global
	GlobalSection(SolutionConfigurationPlatforms) = preSolution
		Debug|Any CPU = Debug|Any CPU
		Release|Any CPU = Release|Any CPU
	EndGlobalSection
	GlobalSection(ProjectConfigurationPlatforms) = postSolution
		{39372D76-5BE8-3E32-8CAA-C25E4B82F288}.Debug|Any CPU.ActiveCfg = Debug|Any CPU
		{39372D76-5BE8-3E32-8CAA-C25E4B82F288}.Debug|Any CPU.Build.0 = Debug|Any CPU
		{39372D76-5BE8-3E32-8CAA-C25E4B82F288}.Release|Any CPU.ActiveCfg = Release|Any CPU
		{39372D76-5BE8-3E32-8CAA-C25E4B82F288}.Release|Any CPU.Build.0 = Release|Any CPU
	EndGlobalSection
	GlobalSection(SolutionProperties) = preSolution
		HideSolutionNode = FALSE
	EndGlobalSection
	GlobalSection(ExtensibilityGlobals) = postSolution
		SolutionGuid = {2B4E0BD4-F738-4AEC-843B-0A37F345E4CD}
	EndGlobalSection
EndGlobal
