
Microsoft Visual Studio Solution File, Format Version 12.00
# Visual Studio Version 17
VisualStudioVersion = 17.11.35303.130
MinimumVisualStudioVersion = 10.0.40219.1
Project("{9A19103F-16F7-4668-BE54-9A1E7A4F7556}") = "LTW_Day08Lab_TH", "LTW_Day08Lab_TH\LTW_Day08Lab_TH.csproj", "{AB11CD6C-C10E-4BAE-A6D5-68987DE3B516}"
EndProject
Project("{FAE04EC0-301F-11D3-BF4B-00C04F79EFBC}") = "LTW_Day08Lab_StudentManager", "LTW_Day08Lab_StudentManager\LTW_Day08Lab_StudentManager.csproj", "{D6057CCD-CD55-4A16-9BA6-8F82D9B73BA1}"
EndProject
Global
	GlobalSection(SolutionConfigurationPlatforms) = preSolution
		Debug|Any CPU = Debug|Any CPU
		Release|Any CPU = Release|Any CPU
	EndGlobalSection
	GlobalSection(ProjectConfigurationPlatforms) = postSolution
		{AB11CD6C-C10E-4BAE-A6D5-68987DE3B516}.Debug|Any CPU.ActiveCfg = Debug|Any CPU
		{AB11CD6C-C10E-4BAE-A6D5-68987DE3B516}.Debug|Any CPU.Build.0 = Debug|Any CPU
		{AB11CD6C-C10E-4BAE-A6D5-68987DE3B516}.Release|Any CPU.ActiveCfg = Release|Any CPU
		{AB11CD6C-C10E-4BAE-A6D5-68987DE3B516}.Release|Any CPU.Build.0 = Release|Any CPU
		{D6057CCD-CD55-4A16-9BA6-8F82D9B73BA1}.Debug|Any CPU.ActiveCfg = Debug|Any CPU
		{D6057CCD-CD55-4A16-9BA6-8F82D9B73BA1}.Debug|Any CPU.Build.0 = Debug|Any CPU
		{D6057CCD-CD55-4A16-9BA6-8F82D9B73BA1}.Release|Any CPU.ActiveCfg = Release|Any CPU
		{D6057CCD-CD55-4A16-9BA6-8F82D9B73BA1}.Release|Any CPU.Build.0 = Release|Any CPU
	EndGlobalSection
	GlobalSection(SolutionProperties) = preSolution
		HideSolutionNode = FALSE
	EndGlobalSection
	GlobalSection(ExtensibilityGlobals) = postSolution
		SolutionGuid = {8F3E262C-1C64-4D10-8FBA-86751826559C}
	EndGlobalSection
EndGlobal
