
Microsoft Visual Studio Solution File, Format Version 12.00
# Visual Studio Version 17
VisualStudioVersion = 17.11.35303.130
MinimumVisualStudioVersion = 10.0.40219.1
Project("{9A19103F-16F7-4668-BE54-9A1E7A4F7556}") = "LTW_Day03Lab_TH", "LTW_Day03Lab_TH.csproj", "{56FE230E-A69D-4C1D-AB16-23091621D051}"
EndProject
Project("{9A19103F-16F7-4668-BE54-9A1E7A4F7556}") = "LTW_Day03Lab_BTTL", "..\LTW_Day03Lab_BTTL\LTW_Day03Lab_BTTL.csproj", "{D226C2DE-6235-4EB4-91F8-6AB7D1708084}"
EndProject
Global
	GlobalSection(SolutionConfigurationPlatforms) = preSolution
		Debug|Any CPU = Debug|Any CPU
		Release|Any CPU = Release|Any CPU
	EndGlobalSection
	GlobalSection(ProjectConfigurationPlatforms) = postSolution
		{56FE230E-A69D-4C1D-AB16-23091621D051}.Debug|Any CPU.ActiveCfg = Debug|Any CPU
		{56FE230E-A69D-4C1D-AB16-23091621D051}.Debug|Any CPU.Build.0 = Debug|Any CPU
		{56FE230E-A69D-4C1D-AB16-23091621D051}.Release|Any CPU.ActiveCfg = Release|Any CPU
		{56FE230E-A69D-4C1D-AB16-23091621D051}.Release|Any CPU.Build.0 = Release|Any CPU
		{D226C2DE-6235-4EB4-91F8-6AB7D1708084}.Debug|Any CPU.ActiveCfg = Debug|Any CPU
		{D226C2DE-6235-4EB4-91F8-6AB7D1708084}.Debug|Any CPU.Build.0 = Debug|Any CPU
		{D226C2DE-6235-4EB4-91F8-6AB7D1708084}.Release|Any CPU.ActiveCfg = Release|Any CPU
		{D226C2DE-6235-4EB4-91F8-6AB7D1708084}.Release|Any CPU.Build.0 = Release|Any CPU
	EndGlobalSection
	GlobalSection(SolutionProperties) = preSolution
		HideSolutionNode = FALSE
	EndGlobalSection
	GlobalSection(ExtensibilityGlobals) = postSolution
		SolutionGuid = {0C3C1263-68DC-4D4B-9818-FD00B93076B0}
	EndGlobalSection
EndGlobal
