
Microsoft Visual Studio Solution File, Format Version 12.00
# Visual Studio Version 17
VisualStudioVersion = 17.11.35303.130
MinimumVisualStudioVersion = 10.0.40219.1
Project("{FAE04EC0-301F-11D3-BF4B-00C04F79EFBC}") = "LTW_Day0Lab_DatabaseFirst", "LTW_Day0Lab_DatabaseFirst\LTW_Day0Lab_DatabaseFirst.csproj", "{6338E594-85F3-443A-839F-6A393B8806C9}"
EndProject
Project("{FAE04EC0-301F-11D3-BF4B-00C04F79EFBC}") = "LTW_Day0Lab_CodeFirst", "LTW_Day0Lab_CodeFirst\LTW_Day0Lab_CodeFirst.csproj", "{2416BC8E-31CE-4F06-854A-25CBA84DE431}"
EndProject
Global
	GlobalSection(SolutionConfigurationPlatforms) = preSolution
		Debug|Any CPU = Debug|Any CPU
		Release|Any CPU = Release|Any CPU
	EndGlobalSection
	GlobalSection(ProjectConfigurationPlatforms) = postSolution
		{6338E594-85F3-443A-839F-6A393B8806C9}.Debug|Any CPU.ActiveCfg = Debug|Any CPU
		{6338E594-85F3-443A-839F-6A393B8806C9}.Debug|Any CPU.Build.0 = Debug|Any CPU
		{6338E594-85F3-443A-839F-6A393B8806C9}.Release|Any CPU.ActiveCfg = Release|Any CPU
		{6338E594-85F3-443A-839F-6A393B8806C9}.Release|Any CPU.Build.0 = Release|Any CPU
		{2416BC8E-31CE-4F06-854A-25CBA84DE431}.Debug|Any CPU.ActiveCfg = Debug|Any CPU
		{2416BC8E-31CE-4F06-854A-25CBA84DE431}.Debug|Any CPU.Build.0 = Debug|Any CPU
		{2416BC8E-31CE-4F06-854A-25CBA84DE431}.Release|Any CPU.ActiveCfg = Release|Any CPU
		{2416BC8E-31CE-4F06-854A-25CBA84DE431}.Release|Any CPU.Build.0 = Release|Any CPU
	EndGlobalSection
	GlobalSection(SolutionProperties) = preSolution
		HideSolutionNode = FALSE
	EndGlobalSection
	GlobalSection(ExtensibilityGlobals) = postSolution
		SolutionGuid = {5965D824-0C5E-46FF-90CF-4E786F0491FC}
	EndGlobalSection
EndGlobal
