Microsoft Visual Studio Solution File, Format Version 12.00
# Visual Studio Version 17
VisualStudioVersion = 17.5.2.0
MinimumVisualStudioVersion = 10.0.40219.1
Project("{FAE04EC0-301F-11D3-BF4B-00C04F79EFBC}") = "ThucHanh_1_2_3", "ThucHanh_1_2_3.csproj", "{52AFB9EB-11CB-7A8F-5519-5E8CD89A93C5}"
EndProject
Global
	GlobalSection(SolutionConfigurationPlatforms) = preSolution
		Debug|Any CPU = Debug|Any CPU
		Release|Any CPU = Release|Any CPU
	EndGlobalSection
	GlobalSection(ProjectConfigurationPlatforms) = postSolution
		{52AFB9EB-11CB-7A8F-5519-5E8CD89A93C5}.Debug|Any CPU.ActiveCfg = Debug|Any CPU
		{52AFB9EB-11CB-7A8F-5519-5E8CD89A93C5}.Debug|Any CPU.Build.0 = Debug|Any CPU
		{52AFB9EB-11CB-7A8F-5519-5E8CD89A93C5}.Release|Any CPU.ActiveCfg = Release|Any CPU
		{52AFB9EB-11CB-7A8F-5519-5E8CD89A93C5}.Release|Any CPU.Build.0 = Release|Any CPU
	EndGlobalSection
	GlobalSection(SolutionProperties) = preSolution
		HideSolutionNode = FALSE
	EndGlobalSection
	GlobalSection(ExtensibilityGlobals) = postSolution
		SolutionGuid = {3FEAE021-02F0-4BE1-B912-0D1A5A251D64}
	EndGlobalSection
EndGlobal
